
Microsoft Visual Studio Solution File, Format Version 12.00
# Visual Studio 2012
Project("{FAE04EC0-301F-11D3-BF4B-00C04F79EFBC}") = "Tarea2.7", "Tarea2.7\Tarea2.7.csproj", "{17076772-E1F0-4EC1-A687-FE6EB1B88B3E}"
EndProject
Global
	GlobalSection(SolutionConfigurationPlatforms) = preSolution
		Debug|x86 = Debug|x86
		Release|x86 = Release|x86
	EndGlobalSection
	GlobalSection(ProjectConfigurationPlatforms) = postSolution
		{17076772-E1F0-4EC1-A687-FE6EB1B88B3E}.Debug|x86.ActiveCfg = Debug|x86
		{17076772-E1F0-4EC1-A687-FE6EB1B88B3E}.Debug|x86.Build.0 = Debug|x86
		{17076772-E1F0-4EC1-A687-FE6EB1B88B3E}.Release|x86.ActiveCfg = Release|x86
		{17076772-E1F0-4EC1-A687-FE6EB1B88B3E}.Release|x86.Build.0 = Release|x86
	EndGlobalSection
EndGlobal
